
Microsoft Visual Studio Solution File, Format Version 12.00
# Visual Studio 15
VisualStudioVersion = 15.0.27703.2047
MinimumVisualStudioVersion = 10.0.40219.1
Project("{FAE04EC0-301F-11D3-BF4B-00C04F79EFBC}") = "Assignment2Bugtracker", "Assignment2Bugtracker\Assignment2Bugtracker.csproj", "{C664268E-E06E-4E49-91A9-9AF44DCB6E62}"
EndProject
Global
	GlobalSection(SolutionConfigurationPlatforms) = preSolution
		Debug|Any CPU = Debug|Any CPU
		Release|Any CPU = Release|Any CPU
	EndGlobalSection
	GlobalSection(ProjectConfigurationPlatforms) = postSolution
		{C664268E-E06E-4E49-91A9-9AF44DCB6E62}.Debug|Any CPU.ActiveCfg = Debug|Any CPU
		{C664268E-E06E-4E49-91A9-9AF44DCB6E62}.Debug|Any CPU.Build.0 = Debug|Any CPU
		{C664268E-E06E-4E49-91A9-9AF44DCB6E62}.Release|Any CPU.ActiveCfg = Release|Any CPU
		{C664268E-E06E-4E49-91A9-9AF44DCB6E62}.Release|Any CPU.Build.0 = Release|Any CPU
	EndGlobalSection
	GlobalSection(SolutionProperties) = preSolution
		HideSolutionNode = FALSE
	EndGlobalSection
	GlobalSection(ExtensibilityGlobals) = postSolution
		SolutionGuid = {48463CF1-BD5D-4F93-BBEA-7C537058F466}
	EndGlobalSection
EndGlobal
